
Microsoft Visual Studio Solution File, Format Version 12.00
# Visual Studio Version 17
VisualStudioVersion = 17.7.34202.233
MinimumVisualStudioVersion = 10.0.40219.1
Project("{FAE04EC0-301F-11D3-BF4B-00C04F79EFBC}") = "Calling_Backend", "Calling_Backend\Calling_Backend.csproj", "{A8C667E3-153B-4DAA-8E4D-7AB16C13B89F}"
EndProject
Global
	GlobalSection(SolutionConfigurationPlatforms) = preSolution
		Debug|Any CPU = Debug|Any CPU
		Release|Any CPU = Release|Any CPU
	EndGlobalSection
	GlobalSection(ProjectConfigurationPlatforms) = postSolution
		{A8C667E3-153B-4DAA-8E4D-7AB16C13B89F}.Debug|Any CPU.ActiveCfg = Debug|Any CPU
		{A8C667E3-153B-4DAA-8E4D-7AB16C13B89F}.Debug|Any CPU.Build.0 = Debug|Any CPU
		{A8C667E3-153B-4DAA-8E4D-7AB16C13B89F}.Release|Any CPU.ActiveCfg = Release|Any CPU
		{A8C667E3-153B-4DAA-8E4D-7AB16C13B89F}.Release|Any CPU.Build.0 = Release|Any CPU
	EndGlobalSection
	GlobalSection(SolutionProperties) = preSolution
		HideSolutionNode = FALSE
	EndGlobalSection
	GlobalSection(ExtensibilityGlobals) = postSolution
		SolutionGuid = {7334BAD6-CADD-4770-A969-1C22B532CB21}
	EndGlobalSection
EndGlobal
